
Microsoft Visual Studio Solution File, Format Version 12.00
# Visual Studio Version 16
VisualStudioVersion = 16.0.30320.27
MinimumVisualStudioVersion = 10.0.40219.1
Project("{159641D6-6404-4A2A-AE62-294DE0FE8301}") = "Ejercicio 3", "Ejercicio 3\Ejercicio 3.dtproj", "{0284ADBC-7B73-460A-9B71-633ADBBD8B29}"
EndProject
Global
	GlobalSection(SolutionConfigurationPlatforms) = preSolution
		Development|Default = Development|Default
	EndGlobalSection
	GlobalSection(ProjectConfigurationPlatforms) = postSolution
		{0284ADBC-7B73-460A-9B71-633ADBBD8B29}.Development|Default.ActiveCfg = Development
		{0284ADBC-7B73-460A-9B71-633ADBBD8B29}.Development|Default.Build.0 = Development
	EndGlobalSection
	GlobalSection(SolutionProperties) = preSolution
		HideSolutionNode = FALSE
	EndGlobalSection
	GlobalSection(ExtensibilityGlobals) = postSolution
		SolutionGuid = {4B0D5700-6EA1-4747-A6AE-339728E9CB6A}
	EndGlobalSection
EndGlobal
