
Microsoft Visual Studio Solution File, Format Version 12.00
# Visual Studio Version 16
VisualStudioVersion = 16.0.30320.27
MinimumVisualStudioVersion = 10.0.40219.1
Project("{159641D6-6404-4A2A-AE62-294DE0FE8301}") = "Ejercicio 1", "Ejercicio 1\Ejercicio 1.dtproj", "{ACF6D145-0897-46BB-9839-B284476B3609}"
EndProject
Global
	GlobalSection(SolutionConfigurationPlatforms) = preSolution
		Development|Default = Development|Default
	EndGlobalSection
	GlobalSection(ProjectConfigurationPlatforms) = postSolution
		{ACF6D145-0897-46BB-9839-B284476B3609}.Development|Default.ActiveCfg = Development
		{ACF6D145-0897-46BB-9839-B284476B3609}.Development|Default.Build.0 = Development
	EndGlobalSection
	GlobalSection(SolutionProperties) = preSolution
		HideSolutionNode = FALSE
	EndGlobalSection
	GlobalSection(ExtensibilityGlobals) = postSolution
		SolutionGuid = {287C370C-74FC-4433-A951-36F2B9E7F39E}
	EndGlobalSection
EndGlobal
